
Microsoft Visual Studio Solution File, Format Version 12.00
# Visual Studio Version 17
VisualStudioVersion = 17.5.33424.131
MinimumVisualStudioVersion = 10.0.40219.1
Project("{2150E333-8FDC-42A3-9474-1A3956D46DE8}") = "src", "src", "{1707D132-6438-406E-A297-716CB82409FA}"
EndProject
Project("{2150E333-8FDC-42A3-9474-1A3956D46DE8}") = "test", "test", "{574FCC8D-5E65-43F7-AB60-5C20A9CF4550}"
EndProject
Project("{2150E333-8FDC-42A3-9474-1A3956D46DE8}") = "Services", "Services", "{06BEAF53-7004-4E29-A23F-54738A8294AF}"
EndProject
Project("{2150E333-8FDC-42A3-9474-1A3956D46DE8}") = "Getway", "Getway", "{BBA7047B-3C09-4504-A980-AD989AE34C79}"
EndProject
Project("{2150E333-8FDC-42A3-9474-1A3956D46DE8}") = "Identity", "Identity", "{27BDA1AE-9C9E-48A4-ACF6-E76C4B4FE982}"
EndProject
Project("{FAE04EC0-301F-11D3-BF4B-00C04F79EFBC}") = "Fara.Services.Identity.API", "src\Services\Identity\Fara.Services.Identity.API\Fara.Services.Identity.API.csproj", "{5508EC8E-E407-49DC-BE46-FA1ACBEA4102}"
EndProject
Project("{FAE04EC0-301F-11D3-BF4B-00C04F79EFBC}") = "Fara.Services.Identity.Application", "src\Services\Identity\Fara.Services.Identity.Application\Fara.Services.Identity.Application.csproj", "{3B2A9B63-FB9C-4516-805D-33D91A7494D6}"
EndProject
Project("{FAE04EC0-301F-11D3-BF4B-00C04F79EFBC}") = "Fara.Services.Identity.Domain", "src\Services\Identity\Fara.Services.Identity.Domain\Fara.Services.Identity.Domain.csproj", "{E541EE89-C457-493C-96CD-8AF498E1AB5A}"
EndProject
Project("{FAE04EC0-301F-11D3-BF4B-00C04F79EFBC}") = "Fara.Services.Identity.Infrastructure", "src\Services\Identity\Fara.Services.Identity.Infrastructure\Fara.Services.Identity.Infrastructure.csproj", "{85CF46E0-CE0A-4565-A293-56C4942A259C}"
EndProject
Global
	GlobalSection(SolutionConfigurationPlatforms) = preSolution
		Debug|Any CPU = Debug|Any CPU
		Release|Any CPU = Release|Any CPU
	EndGlobalSection
	GlobalSection(ProjectConfigurationPlatforms) = postSolution
		{5508EC8E-E407-49DC-BE46-FA1ACBEA4102}.Debug|Any CPU.ActiveCfg = Debug|Any CPU
		{5508EC8E-E407-49DC-BE46-FA1ACBEA4102}.Debug|Any CPU.Build.0 = Debug|Any CPU
		{5508EC8E-E407-49DC-BE46-FA1ACBEA4102}.Release|Any CPU.ActiveCfg = Release|Any CPU
		{5508EC8E-E407-49DC-BE46-FA1ACBEA4102}.Release|Any CPU.Build.0 = Release|Any CPU
		{3B2A9B63-FB9C-4516-805D-33D91A7494D6}.Debug|Any CPU.ActiveCfg = Debug|Any CPU
		{3B2A9B63-FB9C-4516-805D-33D91A7494D6}.Debug|Any CPU.Build.0 = Debug|Any CPU
		{3B2A9B63-FB9C-4516-805D-33D91A7494D6}.Release|Any CPU.ActiveCfg = Release|Any CPU
		{3B2A9B63-FB9C-4516-805D-33D91A7494D6}.Release|Any CPU.Build.0 = Release|Any CPU
		{E541EE89-C457-493C-96CD-8AF498E1AB5A}.Debug|Any CPU.ActiveCfg = Debug|Any CPU
		{E541EE89-C457-493C-96CD-8AF498E1AB5A}.Debug|Any CPU.Build.0 = Debug|Any CPU
		{E541EE89-C457-493C-96CD-8AF498E1AB5A}.Release|Any CPU.ActiveCfg = Release|Any CPU
		{E541EE89-C457-493C-96CD-8AF498E1AB5A}.Release|Any CPU.Build.0 = Release|Any CPU
		{85CF46E0-CE0A-4565-A293-56C4942A259C}.Debug|Any CPU.ActiveCfg = Debug|Any CPU
		{85CF46E0-CE0A-4565-A293-56C4942A259C}.Debug|Any CPU.Build.0 = Debug|Any CPU
		{85CF46E0-CE0A-4565-A293-56C4942A259C}.Release|Any CPU.ActiveCfg = Release|Any CPU
		{85CF46E0-CE0A-4565-A293-56C4942A259C}.Release|Any CPU.Build.0 = Release|Any CPU
	EndGlobalSection
	GlobalSection(SolutionProperties) = preSolution
		HideSolutionNode = FALSE
	EndGlobalSection
	GlobalSection(NestedProjects) = preSolution
		{06BEAF53-7004-4E29-A23F-54738A8294AF} = {1707D132-6438-406E-A297-716CB82409FA}
		{BBA7047B-3C09-4504-A980-AD989AE34C79} = {1707D132-6438-406E-A297-716CB82409FA}
		{27BDA1AE-9C9E-48A4-ACF6-E76C4B4FE982} = {06BEAF53-7004-4E29-A23F-54738A8294AF}
		{5508EC8E-E407-49DC-BE46-FA1ACBEA4102} = {27BDA1AE-9C9E-48A4-ACF6-E76C4B4FE982}
		{3B2A9B63-FB9C-4516-805D-33D91A7494D6} = {27BDA1AE-9C9E-48A4-ACF6-E76C4B4FE982}
		{E541EE89-C457-493C-96CD-8AF498E1AB5A} = {27BDA1AE-9C9E-48A4-ACF6-E76C4B4FE982}
		{85CF46E0-CE0A-4565-A293-56C4942A259C} = {27BDA1AE-9C9E-48A4-ACF6-E76C4B4FE982}
	EndGlobalSection
	GlobalSection(ExtensibilityGlobals) = postSolution
		SolutionGuid = {60D57A4F-E23D-43B5-9845-6E304C1CD16A}
	EndGlobalSection
EndGlobal
