
Microsoft Visual Studio Solution File, Format Version 12.00
# Visual Studio Version 17
VisualStudioVersion = 17.5.33424.131
MinimumVisualStudioVersion = 10.0.40219.1
Project("{2150E333-8FDC-42A3-9474-1A3956D46DE8}") = "src", "src", "{1707D132-6438-406E-A297-716CB82409FA}"
EndProject
Project("{2150E333-8FDC-42A3-9474-1A3956D46DE8}") = "test", "test", "{574FCC8D-5E65-43F7-AB60-5C20A9CF4550}"
EndProject
Project("{2150E333-8FDC-42A3-9474-1A3956D46DE8}") = "Services", "Services", "{06BEAF53-7004-4E29-A23F-54738A8294AF}"
EndProject
Project("{2150E333-8FDC-42A3-9474-1A3956D46DE8}") = "Getway", "Getway", "{BBA7047B-3C09-4504-A980-AD989AE34C79}"
EndProject
Project("{2150E333-8FDC-42A3-9474-1A3956D46DE8}") = "Identity", "Identity", "{27BDA1AE-9C9E-48A4-ACF6-E76C4B4FE982}"
EndProject
Project("{FAE04EC0-301F-11D3-BF4B-00C04F79EFBC}") = "Fara.Services.Identity.Application", "..\src\Fara\Services\Identity\Fara.Services.Identity.Application\Fara.Services.Identity.Application.csproj", "{FDD5A264-004C-400F-95CF-56601A7FEA46}"
EndProject
Project("{FAE04EC0-301F-11D3-BF4B-00C04F79EFBC}") = "Fara.Services.Identity.Domain", "..\src\Fara\Services\Identity\Fara.Services.Identity.Domain\Fara.Services.Identity.Domain.csproj", "{8C1F31F3-2D2C-42E2-BA9C-427E85B8E675}"
EndProject
Project("{FAE04EC0-301F-11D3-BF4B-00C04F79EFBC}") = "Fara.Services.Identity.Infrastructure", "..\src\Fara\Services\Identity\Fara.Services.Identity.Infrastructure\Fara.Services.Identity.Infrastructure.csproj", "{14E8FCF1-DAFB-439E-BA27-76EC82EAF9A4}"
EndProject
Project("{FAE04EC0-301F-11D3-BF4B-00C04F79EFBC}") = "Fara.Services.Identity.API", "..\src\Fara\Services\Identity\Fara.Services.Identity.API\Fara.Services.Identity.API.csproj", "{6449153F-4203-4829-9A14-48BABFE32DD8}"
EndProject
Global
	GlobalSection(SolutionConfigurationPlatforms) = preSolution
		Debug|Any CPU = Debug|Any CPU
		Release|Any CPU = Release|Any CPU
	EndGlobalSection
	GlobalSection(ProjectConfigurationPlatforms) = postSolution
		{FDD5A264-004C-400F-95CF-56601A7FEA46}.Debug|Any CPU.ActiveCfg = Debug|Any CPU
		{FDD5A264-004C-400F-95CF-56601A7FEA46}.Debug|Any CPU.Build.0 = Debug|Any CPU
		{FDD5A264-004C-400F-95CF-56601A7FEA46}.Release|Any CPU.ActiveCfg = Release|Any CPU
		{FDD5A264-004C-400F-95CF-56601A7FEA46}.Release|Any CPU.Build.0 = Release|Any CPU
		{8C1F31F3-2D2C-42E2-BA9C-427E85B8E675}.Debug|Any CPU.ActiveCfg = Debug|Any CPU
		{8C1F31F3-2D2C-42E2-BA9C-427E85B8E675}.Debug|Any CPU.Build.0 = Debug|Any CPU
		{8C1F31F3-2D2C-42E2-BA9C-427E85B8E675}.Release|Any CPU.ActiveCfg = Release|Any CPU
		{8C1F31F3-2D2C-42E2-BA9C-427E85B8E675}.Release|Any CPU.Build.0 = Release|Any CPU
		{14E8FCF1-DAFB-439E-BA27-76EC82EAF9A4}.Debug|Any CPU.ActiveCfg = Debug|Any CPU
		{14E8FCF1-DAFB-439E-BA27-76EC82EAF9A4}.Debug|Any CPU.Build.0 = Debug|Any CPU
		{14E8FCF1-DAFB-439E-BA27-76EC82EAF9A4}.Release|Any CPU.ActiveCfg = Release|Any CPU
		{14E8FCF1-DAFB-439E-BA27-76EC82EAF9A4}.Release|Any CPU.Build.0 = Release|Any CPU
		{6449153F-4203-4829-9A14-48BABFE32DD8}.Debug|Any CPU.ActiveCfg = Debug|Any CPU
		{6449153F-4203-4829-9A14-48BABFE32DD8}.Debug|Any CPU.Build.0 = Debug|Any CPU
		{6449153F-4203-4829-9A14-48BABFE32DD8}.Release|Any CPU.ActiveCfg = Release|Any CPU
		{6449153F-4203-4829-9A14-48BABFE32DD8}.Release|Any CPU.Build.0 = Release|Any CPU
	EndGlobalSection
	GlobalSection(SolutionProperties) = preSolution
		HideSolutionNode = FALSE
	EndGlobalSection
	GlobalSection(NestedProjects) = preSolution
		{06BEAF53-7004-4E29-A23F-54738A8294AF} = {1707D132-6438-406E-A297-716CB82409FA}
		{BBA7047B-3C09-4504-A980-AD989AE34C79} = {1707D132-6438-406E-A297-716CB82409FA}
		{27BDA1AE-9C9E-48A4-ACF6-E76C4B4FE982} = {06BEAF53-7004-4E29-A23F-54738A8294AF}
		{FDD5A264-004C-400F-95CF-56601A7FEA46} = {27BDA1AE-9C9E-48A4-ACF6-E76C4B4FE982}
		{8C1F31F3-2D2C-42E2-BA9C-427E85B8E675} = {27BDA1AE-9C9E-48A4-ACF6-E76C4B4FE982}
		{14E8FCF1-DAFB-439E-BA27-76EC82EAF9A4} = {27BDA1AE-9C9E-48A4-ACF6-E76C4B4FE982}
		{6449153F-4203-4829-9A14-48BABFE32DD8} = {27BDA1AE-9C9E-48A4-ACF6-E76C4B4FE982}
	EndGlobalSection
	GlobalSection(ExtensibilityGlobals) = postSolution
		SolutionGuid = {60D57A4F-E23D-43B5-9845-6E304C1CD16A}
	EndGlobalSection
EndGlobal
